
Microsoft Visual Studio Solution File, Format Version 12.00
# Visual Studio Version 17
VisualStudioVersion = 17.1.32228.430
MinimumVisualStudioVersion = 10.0.40219.1
Project("{FAE04EC0-301F-11D3-BF4B-00C04F79EFBC}") = "SwaggApp.Android", "SwaggApp\SwaggApp.Android\SwaggApp.Android.csproj", "{4B4D70E1-C7BD-4987-8502-0C2BEF1B6AA1}"
EndProject
Project("{FAE04EC0-301F-11D3-BF4B-00C04F79EFBC}") = "SwaggApp.iOS", "SwaggApp\SwaggApp.iOS\SwaggApp.iOS.csproj", "{04D2BF75-CB62-49F7-AFAE-BD40DEF55584}"
EndProject
Project("{FAE04EC0-301F-11D3-BF4B-00C04F79EFBC}") = "SwaggApp", "SwaggApp\SwaggApp\SwaggApp.csproj", "{9E8BAA1A-77C1-4F6A-A8BF-8818F4B883A2}"
EndProject
Global
	GlobalSection(SolutionConfigurationPlatforms) = preSolution
		Debug|Any CPU = Debug|Any CPU
		Debug|iPhone = Debug|iPhone
		Debug|iPhoneSimulator = Debug|iPhoneSimulator
		Release|Any CPU = Release|Any CPU
		Release|iPhone = Release|iPhone
		Release|iPhoneSimulator = Release|iPhoneSimulator
	EndGlobalSection
	GlobalSection(ProjectConfigurationPlatforms) = postSolution
		{4B4D70E1-C7BD-4987-8502-0C2BEF1B6AA1}.Debug|Any CPU.ActiveCfg = Debug|Any CPU
		{4B4D70E1-C7BD-4987-8502-0C2BEF1B6AA1}.Debug|Any CPU.Build.0 = Debug|Any CPU
		{4B4D70E1-C7BD-4987-8502-0C2BEF1B6AA1}.Debug|Any CPU.Deploy.0 = Debug|Any CPU
		{4B4D70E1-C7BD-4987-8502-0C2BEF1B6AA1}.Debug|iPhone.ActiveCfg = Debug|Any CPU
		{4B4D70E1-C7BD-4987-8502-0C2BEF1B6AA1}.Debug|iPhone.Build.0 = Debug|Any CPU
		{4B4D70E1-C7BD-4987-8502-0C2BEF1B6AA1}.Debug|iPhone.Deploy.0 = Debug|Any CPU
		{4B4D70E1-C7BD-4987-8502-0C2BEF1B6AA1}.Debug|iPhoneSimulator.ActiveCfg = Debug|Any CPU
		{4B4D70E1-C7BD-4987-8502-0C2BEF1B6AA1}.Debug|iPhoneSimulator.Build.0 = Debug|Any CPU
		{4B4D70E1-C7BD-4987-8502-0C2BEF1B6AA1}.Debug|iPhoneSimulator.Deploy.0 = Debug|Any CPU
		{4B4D70E1-C7BD-4987-8502-0C2BEF1B6AA1}.Release|Any CPU.ActiveCfg = Release|Any CPU
		{4B4D70E1-C7BD-4987-8502-0C2BEF1B6AA1}.Release|Any CPU.Build.0 = Release|Any CPU
		{4B4D70E1-C7BD-4987-8502-0C2BEF1B6AA1}.Release|Any CPU.Deploy.0 = Release|Any CPU
		{4B4D70E1-C7BD-4987-8502-0C2BEF1B6AA1}.Release|iPhone.ActiveCfg = Release|Any CPU
		{4B4D70E1-C7BD-4987-8502-0C2BEF1B6AA1}.Release|iPhone.Build.0 = Release|Any CPU
		{4B4D70E1-C7BD-4987-8502-0C2BEF1B6AA1}.Release|iPhone.Deploy.0 = Release|Any CPU
		{4B4D70E1-C7BD-4987-8502-0C2BEF1B6AA1}.Release|iPhoneSimulator.ActiveCfg = Release|Any CPU
		{4B4D70E1-C7BD-4987-8502-0C2BEF1B6AA1}.Release|iPhoneSimulator.Build.0 = Release|Any CPU
		{4B4D70E1-C7BD-4987-8502-0C2BEF1B6AA1}.Release|iPhoneSimulator.Deploy.0 = Release|Any CPU
		{04D2BF75-CB62-49F7-AFAE-BD40DEF55584}.Debug|Any CPU.ActiveCfg = Debug|iPhone
		{04D2BF75-CB62-49F7-AFAE-BD40DEF55584}.Debug|Any CPU.Build.0 = Debug|iPhone
		{04D2BF75-CB62-49F7-AFAE-BD40DEF55584}.Debug|Any CPU.Deploy.0 = Debug|iPhone
		{04D2BF75-CB62-49F7-AFAE-BD40DEF55584}.Debug|iPhone.ActiveCfg = Debug|iPhone
		{04D2BF75-CB62-49F7-AFAE-BD40DEF55584}.Debug|iPhone.Build.0 = Debug|iPhone
		{04D2BF75-CB62-49F7-AFAE-BD40DEF55584}.Debug|iPhone.Deploy.0 = Debug|iPhone
		{04D2BF75-CB62-49F7-AFAE-BD40DEF55584}.Debug|iPhoneSimulator.ActiveCfg = Debug|iPhoneSimulator
		{04D2BF75-CB62-49F7-AFAE-BD40DEF55584}.Debug|iPhoneSimulator.Build.0 = Debug|iPhoneSimulator
		{04D2BF75-CB62-49F7-AFAE-BD40DEF55584}.Debug|iPhoneSimulator.Deploy.0 = Debug|iPhoneSimulator
		{04D2BF75-CB62-49F7-AFAE-BD40DEF55584}.Release|Any CPU.ActiveCfg = Release|iPhoneSimulator
		{04D2BF75-CB62-49F7-AFAE-BD40DEF55584}.Release|Any CPU.Build.0 = Release|iPhoneSimulator
		{04D2BF75-CB62-49F7-AFAE-BD40DEF55584}.Release|Any CPU.Deploy.0 = Release|iPhoneSimulator
		{04D2BF75-CB62-49F7-AFAE-BD40DEF55584}.Release|iPhone.ActiveCfg = Release|iPhone
		{04D2BF75-CB62-49F7-AFAE-BD40DEF55584}.Release|iPhone.Build.0 = Release|iPhone
		{04D2BF75-CB62-49F7-AFAE-BD40DEF55584}.Release|iPhone.Deploy.0 = Release|iPhone
		{04D2BF75-CB62-49F7-AFAE-BD40DEF55584}.Release|iPhoneSimulator.ActiveCfg = Release|iPhoneSimulator
		{04D2BF75-CB62-49F7-AFAE-BD40DEF55584}.Release|iPhoneSimulator.Build.0 = Release|iPhoneSimulator
		{04D2BF75-CB62-49F7-AFAE-BD40DEF55584}.Release|iPhoneSimulator.Deploy.0 = Release|iPhoneSimulator
		{9E8BAA1A-77C1-4F6A-A8BF-8818F4B883A2}.Debug|Any CPU.ActiveCfg = Debug|Any CPU
		{9E8BAA1A-77C1-4F6A-A8BF-8818F4B883A2}.Debug|Any CPU.Build.0 = Debug|Any CPU
		{9E8BAA1A-77C1-4F6A-A8BF-8818F4B883A2}.Debug|Any CPU.Deploy.0 = Debug|Any CPU
		{9E8BAA1A-77C1-4F6A-A8BF-8818F4B883A2}.Debug|iPhone.ActiveCfg = Debug|Any CPU
		{9E8BAA1A-77C1-4F6A-A8BF-8818F4B883A2}.Debug|iPhone.Build.0 = Debug|Any CPU
		{9E8BAA1A-77C1-4F6A-A8BF-8818F4B883A2}.Debug|iPhone.Deploy.0 = Debug|Any CPU
		{9E8BAA1A-77C1-4F6A-A8BF-8818F4B883A2}.Debug|iPhoneSimulator.ActiveCfg = Debug|Any CPU
		{9E8BAA1A-77C1-4F6A-A8BF-8818F4B883A2}.Debug|iPhoneSimulator.Build.0 = Debug|Any CPU
		{9E8BAA1A-77C1-4F6A-A8BF-8818F4B883A2}.Debug|iPhoneSimulator.Deploy.0 = Debug|Any CPU
		{9E8BAA1A-77C1-4F6A-A8BF-8818F4B883A2}.Release|Any CPU.ActiveCfg = Release|Any CPU
		{9E8BAA1A-77C1-4F6A-A8BF-8818F4B883A2}.Release|Any CPU.Build.0 = Release|Any CPU
		{9E8BAA1A-77C1-4F6A-A8BF-8818F4B883A2}.Release|Any CPU.Deploy.0 = Release|Any CPU
		{9E8BAA1A-77C1-4F6A-A8BF-8818F4B883A2}.Release|iPhone.ActiveCfg = Release|Any CPU
		{9E8BAA1A-77C1-4F6A-A8BF-8818F4B883A2}.Release|iPhone.Build.0 = Release|Any CPU
		{9E8BAA1A-77C1-4F6A-A8BF-8818F4B883A2}.Release|iPhone.Deploy.0 = Release|Any CPU
		{9E8BAA1A-77C1-4F6A-A8BF-8818F4B883A2}.Release|iPhoneSimulator.ActiveCfg = Release|Any CPU
		{9E8BAA1A-77C1-4F6A-A8BF-8818F4B883A2}.Release|iPhoneSimulator.Build.0 = Release|Any CPU
		{9E8BAA1A-77C1-4F6A-A8BF-8818F4B883A2}.Release|iPhoneSimulator.Deploy.0 = Release|Any CPU
	EndGlobalSection
	GlobalSection(SolutionProperties) = preSolution
		HideSolutionNode = FALSE
	EndGlobalSection
	GlobalSection(ExtensibilityGlobals) = postSolution
		SolutionGuid = {F98220EA-AB29-4A44-83E4-F648760CED6B}
	EndGlobalSection
EndGlobal
